<?xml version="1.0" encoding="utf-8"?>
<Project ToolsVersion="4.0" xmlns="http://schemas.microsoft.com/developer/msbuild/2003">
  <ItemGroup>
    <Filter Include="Source Files">
      <UniqueIdentifier>{4FC737F1-C7A5-4376-A066-2A32D752A2FF}</UniqueIdentifier>
      <Extensions>cpp;c;cc;cxx;def;odl;idl;hpj;bat;asm;asmx</Extensions>
    </Filter>
    <Filter Include="Header Files">
      <UniqueIdentifier>{93995380-89BD-4b04-88EB-625FBE52EBFB}</UniqueIdentifier>
      <Extensions>h;hh;hpp;hxx;hm;inl;inc;xsd</Extensions>
    </Filter>
    <Filter Include="Resource Files">
      <UniqueIdentifier>{D9D6E242-F8AF-46E4-B9FD-80ECBC20BA3E}</UniqueIdentifier>
      <Extensions>qrc;*</Extensions>
      <ParseFiles>false</ParseFiles>
    </Filter>
    <Filter Include="Form Files">
      <UniqueIdentifier>{99349809-55BA-4b9d-BF79-8FDBB0286EB3}</UniqueIdentifier>
      <Extensions>ui</Extensions>
    </Filter>
    <Filter Include="Resource Files">
      <UniqueIdentifier>{D9D6E242-F8AF-46E4-B9FD-80ECBC20BA3E}</UniqueIdentifier>
      <Extensions>qrc;*</Extensions>
      <ParseFiles>false</ParseFiles>
    </Filter>
    <Filter Include="Generated Files">
      <UniqueIdentifier>{71ED8ED8-ACB9-4CE9-BBE1-E00B30144E11}</UniqueIdentifier>
      <Extensions>moc;h;cpp</Extensions>
      <SourceControlFiles>False</SourceControlFiles>
    </Filter>
    <Filter Include="Generated Files\Debug">
      <UniqueIdentifier>{15d38da5-5118-4468-8953-5b69e8bd30fe}</UniqueIdentifier>
      <Extensions>cpp;moc</Extensions>
      <SourceControlFiles>False</SourceControlFiles>
    </Filter>
    <Filter Include="Generated Files\Release">
      <UniqueIdentifier>{f28ae49d-4247-4f94-872b-b02d64dcfbc8}</UniqueIdentifier>
      <Extensions>cpp;moc</Extensions>
      <SourceControlFiles>False</SourceControlFiles>
    </Filter>
  </ItemGroup>
  <ItemGroup>
    <ClCompile Include="main.cpp">
      <Filter>Source Files</Filter>
    </ClCompile>
    <ClCompile Include="MainWindow.cpp">
      <Filter>Source Files</Filter>
    </ClCompile>
    <ClCompile Include="GeneratedFiles\Debug\moc_MainWindow.cpp">
      <Filter>Generated Files\Debug</Filter>
    </ClCompile>
    <ClCompile Include="GeneratedFiles\Release\moc_MainWindow.cpp">
      <Filter>Generated Files\Release</Filter>
    </ClCompile>
    <ClCompile Include="GeneratedFiles\qrc_MainWindow.cpp">
      <Filter>Generated Files</Filter>
    </ClCompile>
    <ClCompile Include="Parameterize_1.cpp">
      <Filter>Source Files</Filter>
    </ClCompile>
    <ClCompile Include="MiniSurf.cpp">
      <Filter>Source Files</Filter>
    </ClCompile>
    <ClCompile Include="MiniSurf_global.cpp">
      <Filter>Source Files</Filter>
    </ClCompile>
    <ClCompile Include="Parameterize.cpp">
      <Filter>Source Files</Filter>
    </ClCompile>
    <ClCompile Include="Parameterize_2.cpp">
      <Filter>Source Files</Filter>
    </ClCompile>
    <ClCompile Include="Parameterize_3.cpp">
      <Filter>Source Files</Filter>
    </ClCompile>
    <ClCompile Include="Parameterize4.cpp">
      <Filter>Source Files</Filter>
    </ClCompile>
    <ClCompile Include="Parameterize5.cpp">
      <Filter>Source Files</Filter>
    </ClCompile>
    <ClCompile Include="RenderingWidget.cpp">
      <Filter>Source Files</Filter>
    </ClCompile>
    <ClCompile Include="GeneratedFiles\Debug\moc_RenderingWidget.cpp">
      <Filter>Generated Files\Debug</Filter>
    </ClCompile>
    <ClCompile Include="GeneratedFiles\Release\moc_RenderingWidget.cpp">
      <Filter>Generated Files\Release</Filter>
    </ClCompile>
  </ItemGroup>
  <ItemGroup>
    <CustomBuild Include="MainWindow.h">
      <Filter>Header Files</Filter>
    </CustomBuild>
    <CustomBuild Include="MainWindow.ui">
      <Filter>Form Files</Filter>
    </CustomBuild>
    <CustomBuild Include="MainWindow.qrc">
      <Filter>Resource Files</Filter>
    </CustomBuild>
    <CustomBuild Include="RenderingWidget.h">
      <Filter>Header Files</Filter>
    </CustomBuild>
    <CustomBuild Include="RenderingWidget.ui">
      <Filter>Form Files</Filter>
    </CustomBuild>
  </ItemGroup>
  <ItemGroup>
    <ClInclude Include="GeneratedFiles\ui_MainWindow.h">
      <Filter>Generated Files</Filter>
    </ClInclude>
    <ClInclude Include="GlobalFunctions.h">
      <Filter>Header Files</Filter>
    </ClInclude>
    <ClInclude Include="MiniSurf.h">
      <Filter>Header Files</Filter>
    </ClInclude>
    <ClInclude Include="MiniSurf_global.h">
      <Filter>Header Files</Filter>
    </ClInclude>
    <ClInclude Include="Parameterize.h">
      <Filter>Header Files</Filter>
    </ClInclude>
    <ClInclude Include="Parameterize_1.h">
      <Filter>Header Files</Filter>
    </ClInclude>
    <ClInclude Include="Parameterize_2.h">
      <Filter>Header Files</Filter>
    </ClInclude>
    <ClInclude Include="Parameterize_3.h">
      <Filter>Header Files</Filter>
    </ClInclude>
    <ClInclude Include="Parameterize4.h">
      <Filter>Header Files</Filter>
    </ClInclude>
    <ClInclude Include="Parameterize5.h">
      <Filter>Header Files</Filter>
    </ClInclude>
    <ClInclude Include="GeneratedFiles\ui_RenderingWidget.h">
      <Filter>Generated Files</Filter>
    </ClInclude>
  </ItemGroup>
</Project>